// !$*UTF8*$!
{
	archiveVersion = 1;
	classes = {
	};
	objectVersion = 50;
	objects = {

/* Begin PBXBuildFile section */
		1E470FA32692D71C005940C5 /* Book_ReviewApp.swift in Sources */ = {isa = PBXBuildFile; fileRef = 1E470FA22692D71C005940C5 /* Book_ReviewApp.swift */; };
		1E470FA52692D71C005940C5 /* ContentView.swift in Sources */ = {isa = PBXBuildFile; fileRef = 1E470FA42692D71C005940C5 /* ContentView.swift */; };
		1E470FA72692D71D005940C5 /* Assets.xcassets in Resources */ = {isa = PBXBuildFile; fileRef = 1E470FA62692D71D005940C5 /* Assets.xcassets */; };
		1E470FAA2692D71D005940C5 /* Preview Assets.xcassets in Resources */ = {isa = PBXBuildFile; fileRef = 1E470FA92692D71D005940C5 /* Preview Assets.xcassets */; };
		1E470FAC2692D71D005940C5 /* Persistence.swift in Sources */ = {isa = PBXBuildFile; fileRef = 1E470FAB2692D71D005940C5 /* Persistence.swift */; };
		1E470FAF2692D71D005940C5 /* Book_Review.xcdatamodeld in Sources */ = {isa = PBXBuildFile; fileRef = 1E470FAD2692D71D005940C5 /* Book_Review.xcdatamodeld */; };
		1E75EBCF26A6B09900B5AAD3 /* DetailView.swift in Sources */ = {isa = PBXBuildFile; fileRef = 1E75EBCE26A6B09900B5AAD3 /* DetailView.swift */; };
		1E900B082693E18F002056EF /* AddBookView.swift in Sources */ = {isa = PBXBuildFile; fileRef = 1E900B072693E18F002056EF /* AddBookView.swift */; };
		1E900B0A2693F036002056EF /* RatingView.swift in Sources */ = {isa = PBXBuildFile; fileRef = 1E900B092693F036002056EF /* RatingView.swift */; };
		1E900B0C2693F5AF002056EF /* EmojiRatingView.swift in Sources */ = {isa = PBXBuildFile; fileRef = 1E900B0B2693F5AF002056EF /* EmojiRatingView.swift */; };
/* End PBXBuildFile section */

/* Begin PBXFileReference section */
		1E470F9F2692D71C005940C5 /* Book_Review.app */ = {isa = PBXFileReference; explicitFileType = wrapper.application; includeInIndex = 0; path = Book_Review.app; sourceTree = BUILT_PRODUCTS_DIR; };
		1E470FA22692D71C005940C5 /* Book_ReviewApp.swift */ = {isa = PBXFileReference; lastKnownFileType = sourcecode.swift; path = Book_ReviewApp.swift; sourceTree = "<group>"; };
		1E470FA42692D71C005940C5 /* ContentView.swift */ = {isa = PBXFileReference; lastKnownFileType = sourcecode.swift; path = ContentView.swift; sourceTree = "<group>"; };
		1E470FA62692D71D005940C5 /* Assets.xcassets */ = {isa = PBXFileReference; lastKnownFileType = folder.assetcatalog; path = Assets.xcassets; sourceTree = "<group>"; };
		1E470FA92692D71D005940C5 /* Preview Assets.xcassets */ = {isa = PBXFileReference; lastKnownFileType = folder.assetcatalog; path = "Preview Assets.xcassets"; sourceTree = "<group>"; };
		1E470FAB2692D71D005940C5 /* Persistence.swift */ = {isa = PBXFileReference; lastKnownFileType = sourcecode.swift; path = Persistence.swift; sourceTree = "<group>"; };
		1E470FAE2692D71D005940C5 /* Book_Review.xcdatamodel */ = {isa = PBXFileReference; lastKnownFileType = wrapper.xcdatamodel; path = Book_Review.xcdatamodel; sourceTree = "<group>"; };
		1E470FB02692D71D005940C5 /* Info.plist */ = {isa = PBXFileReference; lastKnownFileType = text.plist.xml; path = Info.plist; sourceTree = "<group>"; };
		1E75EBCE26A6B09900B5AAD3 /* DetailView.swift */ = {isa = PBXFileReference; lastKnownFileType = sourcecode.swift; path = DetailView.swift; sourceTree = "<group>"; };
		1E900B072693E18F002056EF /* AddBookView.swift */ = {isa = PBXFileReference; lastKnownFileType = sourcecode.swift; path = AddBookView.swift; sourceTree = "<group>"; };
		1E900B092693F036002056EF /* RatingView.swift */ = {isa = PBXFileReference; lastKnownFileType = sourcecode.swift; path = RatingView.swift; sourceTree = "<group>"; };
		1E900B0B2693F5AF002056EF /* EmojiRatingView.swift */ = {isa = PBXFileReference; lastKnownFileType = sourcecode.swift; path = EmojiRatingView.swift; sourceTree = "<group>"; };
/* End PBXFileReference section */

/* Begin PBXFrameworksBuildPhase section */
		1E470F9C2692D71C005940C5 /* Frameworks */ = {
			isa = PBXFrameworksBuildPhase;
			buildActionMask = 2147483647;
			files = (
			);
			runOnlyForDeploymentPostprocessing = 0;
		};
/* End PBXFrameworksBuildPhase section */

/* Begin PBXGroup section */
		1E470F962692D71C005940C5 = {
			isa = PBXGroup;
			children = (
				1E470FA12692D71C005940C5 /* Book_Review */,
				1E470FA02692D71C005940C5 /* Products */,
			);
			sourceTree = "<group>";
		};
		1E470FA02692D71C005940C5 /* Products */ = {
			isa = PBXGroup;
			children = (
				1E470F9F2692D71C005940C5 /* Book_Review.app */,
			);
			name = Products;
			sourceTree = "<group>";
		};
		1E470FA12692D71C005940C5 /* Book_Review */ = {
			isa = PBXGroup;
			children = (
				1E470FA22692D71C005940C5 /* Book_ReviewApp.swift */,
				1E470FA42692D71C005940C5 /* ContentView.swift */,
				1E900B092693F036002056EF /* RatingView.swift */,
				1E900B0B2693F5AF002056EF /* EmojiRatingView.swift */,
				1E900B072693E18F002056EF /* AddBookView.swift */,
				1E470FA62692D71D005940C5 /* Assets.xcassets */,
				1E75EBCE26A6B09900B5AAD3 /* DetailView.swift */,
				1E470FAB2692D71D005940C5 /* Persistence.swift */,
				1E470FB02692D71D005940C5 /* Info.plist */,
				1E470FAD2692D71D005940C5 /* Book_Review.xcdatamodeld */,
				1E470FA82692D71D005940C5 /* Preview Content */,
			);
			path = Book_Review;
			sourceTree = "<group>";
		};
		1E470FA82692D71D005940C5 /* Preview Content */ = {
			isa = PBXGroup;
			children = (
				1E470FA92692D71D005940C5 /* Preview Assets.xcassets */,
			);
			path = "Preview Content";
			sourceTree = "<group>";
		};
/* End PBXGroup section */

/* Begin PBXNativeTarget section */
		1E470F9E2692D71C005940C5 /* Book_Review */ = {
			isa = PBXNativeTarget;
			buildConfigurationList = 1E470FB32692D71D005940C5 /* Build configuration list for PBXNativeTarget "Book_Review" */;
			buildPhases = (
				1E470F9B2692D71C005940C5 /* Sources */,
				1E470F9C2692D71C005940C5 /* Frameworks */,
				1E470F9D2692D71C005940C5 /* Resources */,
			);
			buildRules = (
			);
			dependencies = (
			);
			name = Book_Review;
			productName = Book_Review;
			productReference = 1E470F9F2692D71C005940C5 /* Book_Review.app */;
			productType = "com.apple.product-type.application";
		};
/* End PBXNativeTarget section */

/* Begin PBXProject section */
		1E470F972692D71C005940C5 /* Project object */ = {
			isa = PBXProject;
			attributes = {
				LastSwiftUpdateCheck = 1250;
				LastUpgradeCheck = 1250;
				TargetAttributes = {
					1E470F9E2692D71C005940C5 = {
						CreatedOnToolsVersion = 12.5.1;
					};
				};
			};
			buildConfigurationList = 1E470F9A2692D71C005940C5 /* Build configuration list for PBXProject "Book_Review" */;
			compatibilityVersion = "Xcode 9.3";
			developmentRegion = en;
			hasScannedForEncodings = 0;
			knownRegions = (
				en,
				Base,
			);
			mainGroup = 1E470F962692D71C005940C5;
			productRefGroup = 1E470FA02692D71C005940C5 /* Products */;
			projectDirPath = "";
			projectRoot = "";
			targets = (
				1E470F9E2692D71C005940C5 /* Book_Review */,
			);
		};
/* End PBXProject section */

/* Begin PBXResourcesBuildPhase section */
		1E470F9D2692D71C005940C5 /* Resources */ = {
			isa = PBXResourcesBuildPhase;
			buildActionMask = 2147483647;
			files = (
				1E470FAA2692D71D005940C5 /* Preview Assets.xcassets in Resources */,
				1E470FA72692D71D005940C5 /* Assets.xcassets in Resources */,
			);
			runOnlyForDeploymentPostprocessing = 0;
		};
/* End PBXResourcesBuildPhase section */

/* Begin PBXSourcesBuildPhase section */
		1E470F9B2692D71C005940C5 /* Sources */ = {
			isa = PBXSourcesBuildPhase;
			buildActionMask = 2147483647;
			files = (
				1E470FAF2692D71D005940C5 /* Book_Review.xcdatamodeld in Sources */,
				1E75EBCF26A6B09900B5AAD3 /* DetailView.swift in Sources */,
				1E470FAC2692D71D005940C5 /* Persistence.swift in Sources */,
				1E900B0C2693F5AF002056EF /* EmojiRatingView.swift in Sources */,
				1E470FA52692D71C005940C5 /* ContentView.swift in Sources */,
				1E900B0A2693F036002056EF /* RatingView.swift in Sources */,
				1E470FA32692D71C005940C5 /* Book_ReviewApp.swift in Sources */,
				1E900B082693E18F002056EF /* AddBookView.swift in Sources */,
			);
			runOnlyForDeploymentPostprocessing = 0;
		};
/* End PBXSourcesBuildPhase section */

/* Begin XCBuildConfiguration section */
		1E470FB12692D71D005940C5 /* Debug */ = {
			isa = XCBuildConfiguration;
			buildSettings = {
				ALWAYS_SEARCH_USER_PATHS = NO;
				CLANG_ANALYZER_NONNULL = YES;
				CLANG_ANALYZER_NUMBER_OBJECT_CONVERSION = YES_AGGRESSIVE;
				CLANG_CXX_LANGUAGE_STANDARD = "gnu++14";
				CLANG_CXX_LIBRARY = "libc++";
				CLANG_ENABLE_MODULES = YES;
				CLANG_ENABLE_OBJC_ARC = YES;
				CLANG_ENABLE_OBJC_WEAK = YES;
				CLANG_WARN_BLOCK_CAPTURE_AUTORELEASING = YES;
				CLANG_WARN_BOOL_CONVERSION = YES;
				CLANG_WARN_COMMA = YES;
				CLANG_WARN_CONSTANT_CONVERSION = YES;
				CLANG_WARN_DEPRECATED_OBJC_IMPLEMENTATIONS = YES;
				CLANG_WARN_DIRECT_OBJC_ISA_USAGE = YES_ERROR;
				CLANG_WARN_DOCUMENTATION_COMMENTS = YES;
				CLANG_WARN_EMPTY_BODY = YES;
				CLANG_WARN_ENUM_CONVERSION = YES;
				CLANG_WARN_INFINITE_RECURSION = YES;
				CLANG_WARN_INT_CONVERSION = YES;
				CLANG_WARN_NON_LITERAL_NULL_CONVERSION = YES;
				CLANG_WARN_OBJC_IMPLICIT_RETAIN_SELF = YES;
				CLANG_WARN_OBJC_LITERAL_CONVERSION = YES;
				CLANG_WARN_OBJC_ROOT_CLASS = YES_ERROR;
				CLANG_WARN_QUOTED_INCLUDE_IN_FRAMEWORK_HEADER = YES;
				CLANG_WARN_RANGE_LOOP_ANALYSIS = YES;
				CLANG_WARN_STRICT_PROTOTYPES = YES;
				CLANG_WARN_SUSPICIOUS_MOVE = YES;
				CLANG_WARN_UNGUARDED_AVAILABILITY = YES_AGGRESSIVE;
				CLANG_WARN_UNREACHABLE_CODE = YES;
				CLANG_WARN__DUPLICATE_METHOD_MATCH = YES;
				COPY_PHASE_STRIP = NO;
				DEBUG_INFORMATION_FORMAT = dwarf;
				ENABLE_STRICT_OBJC_MSGSEND = YES;
				ENABLE_TESTABILITY = YES;
				GCC_C_LANGUAGE_STANDARD = gnu11;
				GCC_DYNAMIC_NO_PIC = NO;
				GCC_NO_COMMON_BLOCKS = YES;
				GCC_OPTIMIZATION_LEVEL = 0;
				GCC_PREPROCESSOR_DEFINITIONS = (
					"DEBUG=1",
					"$(inherited)",
				);
				GCC_WARN_64_TO_32_BIT_CONVERSION = YES;
				GCC_WARN_ABOUT_RETURN_TYPE = YES_ERROR;
				GCC_WARN_UNDECLARED_SELECTOR = YES;
				GCC_WARN_UNINITIALIZED_AUTOS = YES_AGGRESSIVE;
				GCC_WARN_UNUSED_FUNCTION = YES;
				GCC_WARN_UNUSED_VARIABLE = YES;
				IPHONEOS_DEPLOYMENT_TARGET = 14.5;
				MTL_ENABLE_DEBUG_INFO = INCLUDE_SOURCE;
				MTL_FAST_MATH = YES;
				ONLY_ACTIVE_ARCH = YES;
				SDKROOT = iphoneos;
				SWIFT_ACTIVE_COMPILATION_CONDITIONS = DEBUG;
				SWIFT_OPTIMIZATION_LEVEL = "-Onone";
			};
			name = Debug;
		};
		1E470FB22692D71D005940C5 /* Release */ = {
			isa = XCBuildConfiguration;
			buildSettings = {
				ALWAYS_SEARCH_USER_PATHS = NO;
				CLANG_ANALYZER_NONNULL = YES;
				CLANG_ANALYZER_NUMBER_OBJECT_CONVERSION = YES_AGGRESSIVE;
				CLANG_CXX_LANGUAGE_STANDARD = "gnu++14";
				CLANG_CXX_LIBRARY = "libc++";
				CLANG_ENABLE_MODULES = YES;
				CLANG_ENABLE_OBJC_ARC = YES;
				CLANG_ENABLE_OBJC_WEAK = YES;
				CLANG_WARN_BLOCK_CAPTURE_AUTORELEASING = YES;
				CLANG_WARN_BOOL_CONVERSION = YES;
				CLANG_WARN_COMMA = YES;
				CLANG_WARN_CONSTANT_CONVERSION = YES;
				CLANG_WARN_DEPRECATED_OBJC_IMPLEMENTATIONS = YES;
				CLANG_WARN_DIRECT_OBJC_ISA_USAGE = YES_ERROR;
				CLANG_WARN_DOCUMENTATION_COMMENTS = YES;
				CLANG_WARN_EMPTY_BODY = YES;
				CLANG_WARN_ENUM_CONVERSION = YES;
				CLANG_WARN_INFINITE_RECURSION = YES;
				CLANG_WARN_INT_CONVERSION = YES;
				CLANG_WARN_NON_LITERAL_NULL_CONVERSION = YES;
				CLANG_WARN_OBJC_IMPLICIT_RETAIN_SELF = YES;
				CLANG_WARN_OBJC_LITERAL_CONVERSION = YES;
				CLANG_WARN_OBJC_ROOT_CLASS = YES_ERROR;
				CLANG_WARN_QUOTED_INCLUDE_IN_FRAMEWORK_HEADER = YES;
				CLANG_WARN_RANGE_LOOP_ANALYSIS = YES;
				CLANG_WARN_STRICT_PROTOTYPES = YES;
				CLANG_WARN_SUSPICIOUS_MOVE = YES;
				CLANG_WARN_UNGUARDED_AVAILABILITY = YES_AGGRESSIVE;
				CLANG_WARN_UNREACHABLE_CODE = YES;
				CLANG_WARN__DUPLICATE_METHOD_MATCH = YES;
				COPY_PHASE_STRIP = NO;
				DEBUG_INFORMATION_FORMAT = "dwarf-with-dsym";
				ENABLE_NS_ASSERTIONS = NO;
				ENABLE_STRICT_OBJC_MSGSEND = YES;
				GCC_C_LANGUAGE_STANDARD = gnu11;
				GCC_NO_COMMON_BLOCKS = YES;
				GCC_WARN_64_TO_32_BIT_CONVERSION = YES;
				GCC_WARN_ABOUT_RETURN_TYPE = YES_ERROR;
				GCC_WARN_UNDECLARED_SELECTOR = YES;
				GCC_WARN_UNINITIALIZED_AUTOS = YES_AGGRESSIVE;
				GCC_WARN_UNUSED_FUNCTION = YES;
				GCC_WARN_UNUSED_VARIABLE = YES;
				IPHONEOS_DEPLOYMENT_TARGET = 14.5;
				MTL_ENABLE_DEBUG_INFO = NO;
				MTL_FAST_MATH = YES;
				SDKROOT = iphoneos;
				SWIFT_COMPILATION_MODE = wholemodule;
				SWIFT_OPTIMIZATION_LEVEL = "-O";
				VALIDATE_PRODUCT = YES;
			};
			name = Release;
		};
		1E470FB42692D71D005940C5 /* Debug */ = {
			isa = XCBuildConfiguration;
			buildSettings = {
				ASSETCATALOG_COMPILER_APPICON_NAME = AppIcon;
				ASSETCATALOG_COMPILER_GLOBAL_ACCENT_COLOR_NAME = AccentColor;
				CODE_SIGN_STYLE = Automatic;
				DEVELOPMENT_ASSET_PATHS = "\"Book_Review/Preview Content\"";
				DEVELOPMENT_TEAM = 975MAWB9JM;
				ENABLE_PREVIEWS = YES;
				INFOPLIST_FILE = Book_Review/Info.plist;
				IPHONEOS_DEPLOYMENT_TARGET = 14.0;
				LD_RUNPATH_SEARCH_PATHS = (
					"$(inherited)",
					"@executable_path/Frameworks",
				);
				PRODUCT_BUNDLE_IDENTIFIER = "com.loipham.Book-Review";
				PRODUCT_NAME = "$(TARGET_NAME)";
				SWIFT_VERSION = 5.0;
				TARGETED_DEVICE_FAMILY = "1,2";
			};
			name = Debug;
		};
		1E470FB52692D71D005940C5 /* Release */ = {
			isa = XCBuildConfiguration;
			buildSettings = {
				ASSETCATALOG_COMPILER_APPICON_NAME = AppIcon;
				ASSETCATALOG_COMPILER_GLOBAL_ACCENT_COLOR_NAME = AccentColor;
				CODE_SIGN_STYLE = Automatic;
				DEVELOPMENT_ASSET_PATHS = "\"Book_Review/Preview Content\"";
				DEVELOPMENT_TEAM = 975MAWB9JM;
				ENABLE_PREVIEWS = YES;
				INFOPLIST_FILE = Book_Review/Info.plist;
				IPHONEOS_DEPLOYMENT_TARGET = 14.0;
				LD_RUNPATH_SEARCH_PATHS = (
					"$(inherited)",
					"@executable_path/Frameworks",
				);
				PRODUCT_BUNDLE_IDENTIFIER = "com.loipham.Book-Review";
				PRODUCT_NAME = "$(TARGET_NAME)";
				SWIFT_VERSION = 5.0;
				TARGETED_DEVICE_FAMILY = "1,2";
			};
			name = Release;
		};
/* End XCBuildConfiguration section */

/* Begin XCConfigurationList section */
		1E470F9A2692D71C005940C5 /* Build configuration list for PBXProject "Book_Review" */ = {
			isa = XCConfigurationList;
			buildConfigurations = (
				1E470FB12692D71D005940C5 /* Debug */,
				1E470FB22692D71D005940C5 /* Release */,
			);
			defaultConfigurationIsVisible = 0;
			defaultConfigurationName = Release;
		};
		1E470FB32692D71D005940C5 /* Build configuration list for PBXNativeTarget "Book_Review" */ = {
			isa = XCConfigurationList;
			buildConfigurations = (
				1E470FB42692D71D005940C5 /* Debug */,
				1E470FB52692D71D005940C5 /* Release */,
			);
			defaultConfigurationIsVisible = 0;
			defaultConfigurationName = Release;
		};
/* End XCConfigurationList section */

/* Begin XCVersionGroup section */
		1E470FAD2692D71D005940C5 /* Book_Review.xcdatamodeld */ = {
			isa = XCVersionGroup;
			children = (
				1E470FAE2692D71D005940C5 /* Book_Review.xcdatamodel */,
			);
			currentVersion = 1E470FAE2692D71D005940C5 /* Book_Review.xcdatamodel */;
			path = Book_Review.xcdatamodeld;
			sourceTree = "<group>";
			versionGroupType = wrapper.xcdatamodel;
		};
/* End XCVersionGroup section */
	};
	rootObject = 1E470F972692D71C005940C5 /* Project object */;
}
